
Microsoft Visual Studio Solution File, Format Version 12.00
# Visual Studio Version 17
VisualStudioVersion = 17.14.36121.58
MinimumVisualStudioVersion = 10.0.40219.1
Project("{FAE04EC0-301F-11D3-BF4B-00C04F79EFBC}") = "Variables", "Variables\Variables.csproj", "{3125888A-48D7-443E-98C4-505BA8D96B7A}"
EndProject
Project("{FAE04EC0-301F-11D3-BF4B-00C04F79EFBC}") = "TipoDeDatos", "TipoDeDatos\TipoDeDatos.csproj", "{C012C881-3902-413A-9A4F-90637A6544C7}"
EndProject
Project("{FAE04EC0-301F-11D3-BF4B-00C04F79EFBC}") = "Funciones", "Funciones\Funciones.csproj", "{8780F682-718B-4660-869E-D0D5B9516B12}"
EndProject
Project("{FAE04EC0-301F-11D3-BF4B-00C04F79EFBC}") = "Condicionales", "Condicionales\Condicionales.csproj", "{4A4C7C57-BFFD-4075-8A75-8D5A271F1DEA}"
EndProject
Project("{FAE04EC0-301F-11D3-BF4B-00C04F79EFBC}") = "SentenciaSwitch", "SentenciaSwitch\SentenciaSwitch.csproj", "{DA7A45DE-1B74-4318-B884-003B35E7275F}"
EndProject
Project("{FAE04EC0-301F-11D3-BF4B-00C04F79EFBC}") = "Arreglos", "Arreglos\Arreglos.csproj", "{28336431-9F0D-4471-95E3-5CB6D131CB0C}"
EndProject
Project("{2150E333-8FDC-42A3-9474-1A3956D46DE8}") = "ejercicios", "ejercicios", "{02EA681E-C7D8-13C7-8484-4AC65E1B71E8}"
EndProject
Project("{FAE04EC0-301F-11D3-BF4B-00C04F79EFBC}") = "Ejercicio1", "Ejercicio1\Ejercicio1.csproj", "{03979835-F0C1-4289-BBCE-706DD5C97C47}"
EndProject
Project("{2150E333-8FDC-42A3-9474-1A3956D46DE8}") = "Solution Items", "Solution Items", "{7CE12D96-49A1-4FD8-B601-48CF9A594B9A}"
	ProjectSection(SolutionItems) = preProject
		.editorconfig = .editorconfig
	EndProjectSection
EndProject
Project("{FAE04EC0-301F-11D3-BF4B-00C04F79EFBC}") = "CicloWhile", "CicloWhile\CicloWhile.csproj", "{BBD45252-775C-4AE4-83DB-210D89D6387C}"
EndProject
Global
	GlobalSection(SolutionConfigurationPlatforms) = preSolution
		Debug|Any CPU = Debug|Any CPU
		Release|Any CPU = Release|Any CPU
	EndGlobalSection
	GlobalSection(ProjectConfigurationPlatforms) = postSolution
		{3125888A-48D7-443E-98C4-505BA8D96B7A}.Debug|Any CPU.ActiveCfg = Debug|Any CPU
		{3125888A-48D7-443E-98C4-505BA8D96B7A}.Debug|Any CPU.Build.0 = Debug|Any CPU
		{3125888A-48D7-443E-98C4-505BA8D96B7A}.Release|Any CPU.ActiveCfg = Release|Any CPU
		{3125888A-48D7-443E-98C4-505BA8D96B7A}.Release|Any CPU.Build.0 = Release|Any CPU
		{C012C881-3902-413A-9A4F-90637A6544C7}.Debug|Any CPU.ActiveCfg = Debug|Any CPU
		{C012C881-3902-413A-9A4F-90637A6544C7}.Debug|Any CPU.Build.0 = Debug|Any CPU
		{C012C881-3902-413A-9A4F-90637A6544C7}.Release|Any CPU.ActiveCfg = Release|Any CPU
		{C012C881-3902-413A-9A4F-90637A6544C7}.Release|Any CPU.Build.0 = Release|Any CPU
		{8780F682-718B-4660-869E-D0D5B9516B12}.Debug|Any CPU.ActiveCfg = Debug|Any CPU
		{8780F682-718B-4660-869E-D0D5B9516B12}.Debug|Any CPU.Build.0 = Debug|Any CPU
		{8780F682-718B-4660-869E-D0D5B9516B12}.Release|Any CPU.ActiveCfg = Release|Any CPU
		{8780F682-718B-4660-869E-D0D5B9516B12}.Release|Any CPU.Build.0 = Release|Any CPU
		{4A4C7C57-BFFD-4075-8A75-8D5A271F1DEA}.Debug|Any CPU.ActiveCfg = Debug|Any CPU
		{4A4C7C57-BFFD-4075-8A75-8D5A271F1DEA}.Debug|Any CPU.Build.0 = Debug|Any CPU
		{4A4C7C57-BFFD-4075-8A75-8D5A271F1DEA}.Release|Any CPU.ActiveCfg = Release|Any CPU
		{4A4C7C57-BFFD-4075-8A75-8D5A271F1DEA}.Release|Any CPU.Build.0 = Release|Any CPU
		{DA7A45DE-1B74-4318-B884-003B35E7275F}.Debug|Any CPU.ActiveCfg = Debug|Any CPU
		{DA7A45DE-1B74-4318-B884-003B35E7275F}.Debug|Any CPU.Build.0 = Debug|Any CPU
		{DA7A45DE-1B74-4318-B884-003B35E7275F}.Release|Any CPU.ActiveCfg = Release|Any CPU
		{DA7A45DE-1B74-4318-B884-003B35E7275F}.Release|Any CPU.Build.0 = Release|Any CPU
		{28336431-9F0D-4471-95E3-5CB6D131CB0C}.Debug|Any CPU.ActiveCfg = Debug|Any CPU
		{28336431-9F0D-4471-95E3-5CB6D131CB0C}.Debug|Any CPU.Build.0 = Debug|Any CPU
		{28336431-9F0D-4471-95E3-5CB6D131CB0C}.Release|Any CPU.ActiveCfg = Release|Any CPU
		{28336431-9F0D-4471-95E3-5CB6D131CB0C}.Release|Any CPU.Build.0 = Release|Any CPU
		{03979835-F0C1-4289-BBCE-706DD5C97C47}.Debug|Any CPU.ActiveCfg = Debug|Any CPU
		{03979835-F0C1-4289-BBCE-706DD5C97C47}.Debug|Any CPU.Build.0 = Debug|Any CPU
		{03979835-F0C1-4289-BBCE-706DD5C97C47}.Release|Any CPU.ActiveCfg = Release|Any CPU
		{03979835-F0C1-4289-BBCE-706DD5C97C47}.Release|Any CPU.Build.0 = Release|Any CPU
		{BBD45252-775C-4AE4-83DB-210D89D6387C}.Debug|Any CPU.ActiveCfg = Debug|Any CPU
		{BBD45252-775C-4AE4-83DB-210D89D6387C}.Debug|Any CPU.Build.0 = Debug|Any CPU
		{BBD45252-775C-4AE4-83DB-210D89D6387C}.Release|Any CPU.ActiveCfg = Release|Any CPU
		{BBD45252-775C-4AE4-83DB-210D89D6387C}.Release|Any CPU.Build.0 = Release|Any CPU
	EndGlobalSection
	GlobalSection(SolutionProperties) = preSolution
		HideSolutionNode = FALSE
	EndGlobalSection
	GlobalSection(NestedProjects) = preSolution
		{03979835-F0C1-4289-BBCE-706DD5C97C47} = {02EA681E-C7D8-13C7-8484-4AC65E1B71E8}
	EndGlobalSection
	GlobalSection(ExtensibilityGlobals) = postSolution
		SolutionGuid = {00172B08-5BD5-4165-A78B-C9CD1F8FAF36}
	EndGlobalSection
EndGlobal
